
Microsoft Visual Studio Solution File, Format Version 12.00
# Visual Studio Version 16
VisualStudioVersion = 16.0.31229.75
MinimumVisualStudioVersion = 10.0.40219.1
Project("{9A19103F-16F7-4668-BE54-9A1E7A4F7556}") = "DateModifier", "DateModifier.csproj", "{411D09D3-AFC9-4A9D-80BD-93C7220039EB}"
EndProject
Global
	GlobalSection(SolutionConfigurationPlatforms) = preSolution
		Debug|Any CPU = Debug|Any CPU
		Release|Any CPU = Release|Any CPU
	EndGlobalSection
	GlobalSection(ProjectConfigurationPlatforms) = postSolution
		{411D09D3-AFC9-4A9D-80BD-93C7220039EB}.Debug|Any CPU.ActiveCfg = Debug|Any CPU
		{411D09D3-AFC9-4A9D-80BD-93C7220039EB}.Debug|Any CPU.Build.0 = Debug|Any CPU
		{411D09D3-AFC9-4A9D-80BD-93C7220039EB}.Release|Any CPU.ActiveCfg = Release|Any CPU
		{411D09D3-AFC9-4A9D-80BD-93C7220039EB}.Release|Any CPU.Build.0 = Release|Any CPU
	EndGlobalSection
	GlobalSection(SolutionProperties) = preSolution
		HideSolutionNode = FALSE
	EndGlobalSection
	GlobalSection(ExtensibilityGlobals) = postSolution
		SolutionGuid = {AF4ADBDE-0C93-461B-8E5F-00419F991043}
	EndGlobalSection
EndGlobal
