
Microsoft Visual Studio Solution File, Format Version 12.00
# Visual Studio Version 16
VisualStudioVersion = 16.0.30907.101
MinimumVisualStudioVersion = 10.0.40219.1
Project("{9A19103F-16F7-4668-BE54-9A1E7A4F7556}") = "CompanyRoster", "CompanyRoster\CompanyRoster.csproj", "{1112BBD5-62EB-4955-BDB3-E5019631DBD3}"
EndProject
Project("{FAE04EC0-301F-11D3-BF4B-00C04F79EFBC}") = "OldestFamilyMember", "OldestFamilyMember\OldestFamilyMember.csproj", "{820EEC08-63FF-402B-9464-1D9B022468F6}"
EndProject
Global
	GlobalSection(SolutionConfigurationPlatforms) = preSolution
		Debug|Any CPU = Debug|Any CPU
		Release|Any CPU = Release|Any CPU
	EndGlobalSection
	GlobalSection(ProjectConfigurationPlatforms) = postSolution
		{1112BBD5-62EB-4955-BDB3-E5019631DBD3}.Debug|Any CPU.ActiveCfg = Debug|Any CPU
		{1112BBD5-62EB-4955-BDB3-E5019631DBD3}.Debug|Any CPU.Build.0 = Debug|Any CPU
		{1112BBD5-62EB-4955-BDB3-E5019631DBD3}.Release|Any CPU.ActiveCfg = Release|Any CPU
		{1112BBD5-62EB-4955-BDB3-E5019631DBD3}.Release|Any CPU.Build.0 = Release|Any CPU
		{820EEC08-63FF-402B-9464-1D9B022468F6}.Debug|Any CPU.ActiveCfg = Debug|Any CPU
		{820EEC08-63FF-402B-9464-1D9B022468F6}.Debug|Any CPU.Build.0 = Debug|Any CPU
		{820EEC08-63FF-402B-9464-1D9B022468F6}.Release|Any CPU.ActiveCfg = Release|Any CPU
		{820EEC08-63FF-402B-9464-1D9B022468F6}.Release|Any CPU.Build.0 = Release|Any CPU
	EndGlobalSection
	GlobalSection(SolutionProperties) = preSolution
		HideSolutionNode = FALSE
	EndGlobalSection
	GlobalSection(ExtensibilityGlobals) = postSolution
		SolutionGuid = {E01EC3E9-BDD7-44A0-9193-D362A835B8DF}
	EndGlobalSection
EndGlobal
