
Microsoft Visual Studio Solution File, Format Version 12.00
# Visual Studio Version 16
VisualStudioVersion = 16.0.30907.101
MinimumVisualStudioVersion = 10.0.40219.1
Project("{9A19103F-16F7-4668-BE54-9A1E7A4F7556}") = "Train", "ListsExercise\Train.csproj", "{4699B775-4263-4E29-B266-3A52D0F21629}"
EndProject
Project("{9A19103F-16F7-4668-BE54-9A1E7A4F7556}") = "ChangeList", "ChangeList\ChangeList.csproj", "{F1935AD5-48C5-4FBE-9E8D-EDF31B16392F}"
EndProject
Project("{9A19103F-16F7-4668-BE54-9A1E7A4F7556}") = "TrainNew", "TrainNew\TrainNew.csproj", "{D120CE92-FF4E-4C1A-B1B7-EF2C2C489B7A}"
EndProject
Project("{FAE04EC0-301F-11D3-BF4B-00C04F79EFBC}") = "CardsGame", "CardsGame\CardsGame.csproj", "{D7CACA68-14A9-4CF4-8C02-C65DBEEF8737}"
EndProject
Project("{FAE04EC0-301F-11D3-BF4B-00C04F79EFBC}") = "AppendArrays", "AppendArrays\AppendArrays.csproj", "{AA3F3CD2-4151-48E3-BEBC-6F870CED13FD}"
EndProject
Project("{FAE04EC0-301F-11D3-BF4B-00C04F79EFBC}") = "BombNumbers", "BombNumbers\BombNumbers.csproj", "{CD504C9E-F940-4546-A46A-CBDF9E59D510}"
EndProject
Project("{FAE04EC0-301F-11D3-BF4B-00C04F79EFBC}") = "HouseParty", "HouseParty\HouseParty.csproj", "{F917D546-7A6B-42C1-B7AA-6A7DC38D2AE3}"
EndProject
Project("{FAE04EC0-301F-11D3-BF4B-00C04F79EFBC}") = "ListOperations", "ListOperations\ListOperations.csproj", "{8D5F07E8-0871-42F3-94D3-2DA9A61C6E95}"
EndProject
Global
	GlobalSection(SolutionConfigurationPlatforms) = preSolution
		Debug|Any CPU = Debug|Any CPU
		Release|Any CPU = Release|Any CPU
	EndGlobalSection
	GlobalSection(ProjectConfigurationPlatforms) = postSolution
		{4699B775-4263-4E29-B266-3A52D0F21629}.Debug|Any CPU.ActiveCfg = Debug|Any CPU
		{4699B775-4263-4E29-B266-3A52D0F21629}.Debug|Any CPU.Build.0 = Debug|Any CPU
		{4699B775-4263-4E29-B266-3A52D0F21629}.Release|Any CPU.ActiveCfg = Release|Any CPU
		{4699B775-4263-4E29-B266-3A52D0F21629}.Release|Any CPU.Build.0 = Release|Any CPU
		{F1935AD5-48C5-4FBE-9E8D-EDF31B16392F}.Debug|Any CPU.ActiveCfg = Debug|Any CPU
		{F1935AD5-48C5-4FBE-9E8D-EDF31B16392F}.Debug|Any CPU.Build.0 = Debug|Any CPU
		{F1935AD5-48C5-4FBE-9E8D-EDF31B16392F}.Release|Any CPU.ActiveCfg = Release|Any CPU
		{F1935AD5-48C5-4FBE-9E8D-EDF31B16392F}.Release|Any CPU.Build.0 = Release|Any CPU
		{D120CE92-FF4E-4C1A-B1B7-EF2C2C489B7A}.Debug|Any CPU.ActiveCfg = Debug|Any CPU
		{D120CE92-FF4E-4C1A-B1B7-EF2C2C489B7A}.Debug|Any CPU.Build.0 = Debug|Any CPU
		{D120CE92-FF4E-4C1A-B1B7-EF2C2C489B7A}.Release|Any CPU.ActiveCfg = Release|Any CPU
		{D120CE92-FF4E-4C1A-B1B7-EF2C2C489B7A}.Release|Any CPU.Build.0 = Release|Any CPU
		{D7CACA68-14A9-4CF4-8C02-C65DBEEF8737}.Debug|Any CPU.ActiveCfg = Debug|Any CPU
		{D7CACA68-14A9-4CF4-8C02-C65DBEEF8737}.Debug|Any CPU.Build.0 = Debug|Any CPU
		{D7CACA68-14A9-4CF4-8C02-C65DBEEF8737}.Release|Any CPU.ActiveCfg = Release|Any CPU
		{D7CACA68-14A9-4CF4-8C02-C65DBEEF8737}.Release|Any CPU.Build.0 = Release|Any CPU
		{AA3F3CD2-4151-48E3-BEBC-6F870CED13FD}.Debug|Any CPU.ActiveCfg = Debug|Any CPU
		{AA3F3CD2-4151-48E3-BEBC-6F870CED13FD}.Debug|Any CPU.Build.0 = Debug|Any CPU
		{AA3F3CD2-4151-48E3-BEBC-6F870CED13FD}.Release|Any CPU.ActiveCfg = Release|Any CPU
		{AA3F3CD2-4151-48E3-BEBC-6F870CED13FD}.Release|Any CPU.Build.0 = Release|Any CPU
		{CD504C9E-F940-4546-A46A-CBDF9E59D510}.Debug|Any CPU.ActiveCfg = Debug|Any CPU
		{CD504C9E-F940-4546-A46A-CBDF9E59D510}.Debug|Any CPU.Build.0 = Debug|Any CPU
		{CD504C9E-F940-4546-A46A-CBDF9E59D510}.Release|Any CPU.ActiveCfg = Release|Any CPU
		{CD504C9E-F940-4546-A46A-CBDF9E59D510}.Release|Any CPU.Build.0 = Release|Any CPU
		{F917D546-7A6B-42C1-B7AA-6A7DC38D2AE3}.Debug|Any CPU.ActiveCfg = Debug|Any CPU
		{F917D546-7A6B-42C1-B7AA-6A7DC38D2AE3}.Debug|Any CPU.Build.0 = Debug|Any CPU
		{F917D546-7A6B-42C1-B7AA-6A7DC38D2AE3}.Release|Any CPU.ActiveCfg = Release|Any CPU
		{F917D546-7A6B-42C1-B7AA-6A7DC38D2AE3}.Release|Any CPU.Build.0 = Release|Any CPU
		{8D5F07E8-0871-42F3-94D3-2DA9A61C6E95}.Debug|Any CPU.ActiveCfg = Debug|Any CPU
		{8D5F07E8-0871-42F3-94D3-2DA9A61C6E95}.Debug|Any CPU.Build.0 = Debug|Any CPU
		{8D5F07E8-0871-42F3-94D3-2DA9A61C6E95}.Release|Any CPU.ActiveCfg = Release|Any CPU
		{8D5F07E8-0871-42F3-94D3-2DA9A61C6E95}.Release|Any CPU.Build.0 = Release|Any CPU
	EndGlobalSection
	GlobalSection(SolutionProperties) = preSolution
		HideSolutionNode = FALSE
	EndGlobalSection
	GlobalSection(ExtensibilityGlobals) = postSolution
		SolutionGuid = {3B10DA66-AFDC-4EA4-B4DE-D834DACA852F}
	EndGlobalSection
EndGlobal
