
Microsoft Visual Studio Solution File, Format Version 12.00
# Visual Studio Version 16
VisualStudioVersion = 16.0.30907.101
MinimumVisualStudioVersion = 10.0.40219.1
Project("{9A19103F-16F7-4668-BE54-9A1E7A4F7556}") = "1. Action Point", "1. Action Point\1. Action Point.csproj", "{C9552705-B81E-4CFF-A72C-43B6444D6678}"
EndProject
Project("{9A19103F-16F7-4668-BE54-9A1E7A4F7556}") = "2. Knights of Honor", "2. Knights of Honor\2. Knights of Honor.csproj", "{F355F90C-6958-4F03-AEFF-99D404448849}"
EndProject
Project("{9A19103F-16F7-4668-BE54-9A1E7A4F7556}") = "3. Custom Min Function", "3. Custom Min Function\3. Custom Min Function.csproj", "{B518B807-F792-48E9-BD04-26015AB5C3D9}"
EndProject
Project("{9A19103F-16F7-4668-BE54-9A1E7A4F7556}") = "4. Find Evens or Odds", "4. Find Evens or Odds\4. Find Evens or Odds.csproj", "{0D5B6B22-D939-4454-88A5-A096DFB99AE4}"
EndProject
Project("{FAE04EC0-301F-11D3-BF4B-00C04F79EFBC}") = "5. Applied Arithmetics", "5. Applied Arithmetics\5. Applied Arithmetics.csproj", "{A550549B-12AF-42B2-8D08-872B1A69CDC8}"
EndProject
Global
	GlobalSection(SolutionConfigurationPlatforms) = preSolution
		Debug|Any CPU = Debug|Any CPU
		Release|Any CPU = Release|Any CPU
	EndGlobalSection
	GlobalSection(ProjectConfigurationPlatforms) = postSolution
		{C9552705-B81E-4CFF-A72C-43B6444D6678}.Debug|Any CPU.ActiveCfg = Debug|Any CPU
		{C9552705-B81E-4CFF-A72C-43B6444D6678}.Debug|Any CPU.Build.0 = Debug|Any CPU
		{C9552705-B81E-4CFF-A72C-43B6444D6678}.Release|Any CPU.ActiveCfg = Release|Any CPU
		{C9552705-B81E-4CFF-A72C-43B6444D6678}.Release|Any CPU.Build.0 = Release|Any CPU
		{F355F90C-6958-4F03-AEFF-99D404448849}.Debug|Any CPU.ActiveCfg = Debug|Any CPU
		{F355F90C-6958-4F03-AEFF-99D404448849}.Debug|Any CPU.Build.0 = Debug|Any CPU
		{F355F90C-6958-4F03-AEFF-99D404448849}.Release|Any CPU.ActiveCfg = Release|Any CPU
		{F355F90C-6958-4F03-AEFF-99D404448849}.Release|Any CPU.Build.0 = Release|Any CPU
		{B518B807-F792-48E9-BD04-26015AB5C3D9}.Debug|Any CPU.ActiveCfg = Debug|Any CPU
		{B518B807-F792-48E9-BD04-26015AB5C3D9}.Debug|Any CPU.Build.0 = Debug|Any CPU
		{B518B807-F792-48E9-BD04-26015AB5C3D9}.Release|Any CPU.ActiveCfg = Release|Any CPU
		{B518B807-F792-48E9-BD04-26015AB5C3D9}.Release|Any CPU.Build.0 = Release|Any CPU
		{0D5B6B22-D939-4454-88A5-A096DFB99AE4}.Debug|Any CPU.ActiveCfg = Debug|Any CPU
		{0D5B6B22-D939-4454-88A5-A096DFB99AE4}.Debug|Any CPU.Build.0 = Debug|Any CPU
		{0D5B6B22-D939-4454-88A5-A096DFB99AE4}.Release|Any CPU.ActiveCfg = Release|Any CPU
		{0D5B6B22-D939-4454-88A5-A096DFB99AE4}.Release|Any CPU.Build.0 = Release|Any CPU
		{A550549B-12AF-42B2-8D08-872B1A69CDC8}.Debug|Any CPU.ActiveCfg = Debug|Any CPU
		{A550549B-12AF-42B2-8D08-872B1A69CDC8}.Debug|Any CPU.Build.0 = Debug|Any CPU
		{A550549B-12AF-42B2-8D08-872B1A69CDC8}.Release|Any CPU.ActiveCfg = Release|Any CPU
		{A550549B-12AF-42B2-8D08-872B1A69CDC8}.Release|Any CPU.Build.0 = Release|Any CPU
	EndGlobalSection
	GlobalSection(SolutionProperties) = preSolution
		HideSolutionNode = FALSE
	EndGlobalSection
	GlobalSection(ExtensibilityGlobals) = postSolution
		SolutionGuid = {A5612AE7-60F7-4E8A-936D-0D9E34551877}
	EndGlobalSection
EndGlobal
