
Microsoft Visual Studio Solution File, Format Version 12.00
# Visual Studio Version 16
VisualStudioVersion = 16.0.30907.101
MinimumVisualStudioVersion = 10.0.40219.1
Project("{9A19103F-16F7-4668-BE54-9A1E7A4F7556}") = "StackSum", "StackSum\StackSum.csproj", "{BBF768DD-17E3-4C58-B9A4-03E6E506B696}"
EndProject
Project("{9A19103F-16F7-4668-BE54-9A1E7A4F7556}") = "SimpleCalculator", "SimpleCalculator\SimpleCalculator.csproj", "{142C26FD-645A-474E-8D6C-3D0C79283899}"
EndProject
Project("{FAE04EC0-301F-11D3-BF4B-00C04F79EFBC}") = "MatchingBrackets", "MatchingBrackets\MatchingBrackets.csproj", "{A2530D2F-770C-4CA2-8F89-778B58584E70}"
EndProject
Project("{FAE04EC0-301F-11D3-BF4B-00C04F79EFBC}") = "PrintEvenNumbers", "PrintEvenNumbers\PrintEvenNumbers.csproj", "{4C53B449-CC78-459A-82F0-519DE443B7D4}"
EndProject
Global
	GlobalSection(SolutionConfigurationPlatforms) = preSolution
		Debug|Any CPU = Debug|Any CPU
		Release|Any CPU = Release|Any CPU
	EndGlobalSection
	GlobalSection(ProjectConfigurationPlatforms) = postSolution
		{BBF768DD-17E3-4C58-B9A4-03E6E506B696}.Debug|Any CPU.ActiveCfg = Debug|Any CPU
		{BBF768DD-17E3-4C58-B9A4-03E6E506B696}.Debug|Any CPU.Build.0 = Debug|Any CPU
		{BBF768DD-17E3-4C58-B9A4-03E6E506B696}.Release|Any CPU.ActiveCfg = Release|Any CPU
		{BBF768DD-17E3-4C58-B9A4-03E6E506B696}.Release|Any CPU.Build.0 = Release|Any CPU
		{142C26FD-645A-474E-8D6C-3D0C79283899}.Debug|Any CPU.ActiveCfg = Debug|Any CPU
		{142C26FD-645A-474E-8D6C-3D0C79283899}.Debug|Any CPU.Build.0 = Debug|Any CPU
		{142C26FD-645A-474E-8D6C-3D0C79283899}.Release|Any CPU.ActiveCfg = Release|Any CPU
		{142C26FD-645A-474E-8D6C-3D0C79283899}.Release|Any CPU.Build.0 = Release|Any CPU
		{A2530D2F-770C-4CA2-8F89-778B58584E70}.Debug|Any CPU.ActiveCfg = Debug|Any CPU
		{A2530D2F-770C-4CA2-8F89-778B58584E70}.Debug|Any CPU.Build.0 = Debug|Any CPU
		{A2530D2F-770C-4CA2-8F89-778B58584E70}.Release|Any CPU.ActiveCfg = Release|Any CPU
		{A2530D2F-770C-4CA2-8F89-778B58584E70}.Release|Any CPU.Build.0 = Release|Any CPU
		{4C53B449-CC78-459A-82F0-519DE443B7D4}.Debug|Any CPU.ActiveCfg = Debug|Any CPU
		{4C53B449-CC78-459A-82F0-519DE443B7D4}.Debug|Any CPU.Build.0 = Debug|Any CPU
		{4C53B449-CC78-459A-82F0-519DE443B7D4}.Release|Any CPU.ActiveCfg = Release|Any CPU
		{4C53B449-CC78-459A-82F0-519DE443B7D4}.Release|Any CPU.Build.0 = Release|Any CPU
	EndGlobalSection
	GlobalSection(SolutionProperties) = preSolution
		HideSolutionNode = FALSE
	EndGlobalSection
	GlobalSection(ExtensibilityGlobals) = postSolution
		SolutionGuid = {DEAF8D76-7274-4EE4-AD9F-75EE6AA52D02}
	EndGlobalSection
EndGlobal
