
Microsoft Visual Studio Solution File, Format Version 12.00
# Visual Studio Version 16
VisualStudioVersion = 16.0.30907.101
MinimumVisualStudioVersion = 10.0.40219.1
Project("{9A19103F-16F7-4668-BE54-9A1E7A4F7556}") = "VowelsCount", "MethodsExercise\VowelsCount.csproj", "{8BA3E90A-2D11-4C6E-BF94-12CE69D2D9B0}"
EndProject
Project("{9A19103F-16F7-4668-BE54-9A1E7A4F7556}") = "CharactersInRange", "CharactersInRange\CharactersInRange.csproj", "{8E4D6FD9-D25A-472F-B373-99F4D02AC262}"
EndProject
Project("{9A19103F-16F7-4668-BE54-9A1E7A4F7556}") = "PasswordValidator", "PasswordValidator\PasswordValidator.csproj", "{8EE0FDD5-A697-45F8-AF71-E1366CA58F84}"
EndProject
Project("{9A19103F-16F7-4668-BE54-9A1E7A4F7556}") = "AddAndSubtract", "AddAndSubtract\AddAndSubtract.csproj", "{8C7BB37A-A291-47EE-8685-2DD49CC8902D}"
EndProject
Project("{9A19103F-16F7-4668-BE54-9A1E7A4F7556}") = "MiddleCharacters", "MiddleCharacters\MiddleCharacters.csproj", "{2FE65593-D187-4F61-BF6D-27392D18F6D9}"
EndProject
Project("{9A19103F-16F7-4668-BE54-9A1E7A4F7556}") = "NxNMatrix", "NxNMatrix\NxNMatrix.csproj", "{3DC7073C-3B38-4F12-9D68-A3C5ED033532}"
EndProject
Project("{9A19103F-16F7-4668-BE54-9A1E7A4F7556}") = "FactorialDivision", "FactorialDivision\FactorialDivision.csproj", "{77524961-C960-4018-9E2B-FDAE511A1C80}"
EndProject
Project("{9A19103F-16F7-4668-BE54-9A1E7A4F7556}") = "PalindromeIntegers", "PalindromeIntegers\PalindromeIntegers.csproj", "{B060F741-C41A-4878-AA09-9C049B1DA1C1}"
EndProject
Project("{FAE04EC0-301F-11D3-BF4B-00C04F79EFBC}") = "TopInteger", "TopInteger\TopInteger.csproj", "{96D6D04D-FF70-44BB-8CA9-F07B3B8D1E7B}"
EndProject
Project("{FAE04EC0-301F-11D3-BF4B-00C04F79EFBC}") = "ArrayManipulator", "ArrayManipulator\ArrayManipulator.csproj", "{D07010D8-DDAB-4C96-ABEB-1D9E28364320}"
EndProject
Global
	GlobalSection(SolutionConfigurationPlatforms) = preSolution
		Debug|Any CPU = Debug|Any CPU
		Release|Any CPU = Release|Any CPU
	EndGlobalSection
	GlobalSection(ProjectConfigurationPlatforms) = postSolution
		{8BA3E90A-2D11-4C6E-BF94-12CE69D2D9B0}.Debug|Any CPU.ActiveCfg = Debug|Any CPU
		{8BA3E90A-2D11-4C6E-BF94-12CE69D2D9B0}.Debug|Any CPU.Build.0 = Debug|Any CPU
		{8BA3E90A-2D11-4C6E-BF94-12CE69D2D9B0}.Release|Any CPU.ActiveCfg = Release|Any CPU
		{8BA3E90A-2D11-4C6E-BF94-12CE69D2D9B0}.Release|Any CPU.Build.0 = Release|Any CPU
		{8E4D6FD9-D25A-472F-B373-99F4D02AC262}.Debug|Any CPU.ActiveCfg = Debug|Any CPU
		{8E4D6FD9-D25A-472F-B373-99F4D02AC262}.Debug|Any CPU.Build.0 = Debug|Any CPU
		{8E4D6FD9-D25A-472F-B373-99F4D02AC262}.Release|Any CPU.ActiveCfg = Release|Any CPU
		{8E4D6FD9-D25A-472F-B373-99F4D02AC262}.Release|Any CPU.Build.0 = Release|Any CPU
		{8EE0FDD5-A697-45F8-AF71-E1366CA58F84}.Debug|Any CPU.ActiveCfg = Debug|Any CPU
		{8EE0FDD5-A697-45F8-AF71-E1366CA58F84}.Debug|Any CPU.Build.0 = Debug|Any CPU
		{8EE0FDD5-A697-45F8-AF71-E1366CA58F84}.Release|Any CPU.ActiveCfg = Release|Any CPU
		{8EE0FDD5-A697-45F8-AF71-E1366CA58F84}.Release|Any CPU.Build.0 = Release|Any CPU
		{8C7BB37A-A291-47EE-8685-2DD49CC8902D}.Debug|Any CPU.ActiveCfg = Debug|Any CPU
		{8C7BB37A-A291-47EE-8685-2DD49CC8902D}.Debug|Any CPU.Build.0 = Debug|Any CPU
		{8C7BB37A-A291-47EE-8685-2DD49CC8902D}.Release|Any CPU.ActiveCfg = Release|Any CPU
		{8C7BB37A-A291-47EE-8685-2DD49CC8902D}.Release|Any CPU.Build.0 = Release|Any CPU
		{2FE65593-D187-4F61-BF6D-27392D18F6D9}.Debug|Any CPU.ActiveCfg = Debug|Any CPU
		{2FE65593-D187-4F61-BF6D-27392D18F6D9}.Debug|Any CPU.Build.0 = Debug|Any CPU
		{2FE65593-D187-4F61-BF6D-27392D18F6D9}.Release|Any CPU.ActiveCfg = Release|Any CPU
		{2FE65593-D187-4F61-BF6D-27392D18F6D9}.Release|Any CPU.Build.0 = Release|Any CPU
		{3DC7073C-3B38-4F12-9D68-A3C5ED033532}.Debug|Any CPU.ActiveCfg = Debug|Any CPU
		{3DC7073C-3B38-4F12-9D68-A3C5ED033532}.Debug|Any CPU.Build.0 = Debug|Any CPU
		{3DC7073C-3B38-4F12-9D68-A3C5ED033532}.Release|Any CPU.ActiveCfg = Release|Any CPU
		{3DC7073C-3B38-4F12-9D68-A3C5ED033532}.Release|Any CPU.Build.0 = Release|Any CPU
		{77524961-C960-4018-9E2B-FDAE511A1C80}.Debug|Any CPU.ActiveCfg = Debug|Any CPU
		{77524961-C960-4018-9E2B-FDAE511A1C80}.Debug|Any CPU.Build.0 = Debug|Any CPU
		{77524961-C960-4018-9E2B-FDAE511A1C80}.Release|Any CPU.ActiveCfg = Release|Any CPU
		{77524961-C960-4018-9E2B-FDAE511A1C80}.Release|Any CPU.Build.0 = Release|Any CPU
		{B060F741-C41A-4878-AA09-9C049B1DA1C1}.Debug|Any CPU.ActiveCfg = Debug|Any CPU
		{B060F741-C41A-4878-AA09-9C049B1DA1C1}.Debug|Any CPU.Build.0 = Debug|Any CPU
		{B060F741-C41A-4878-AA09-9C049B1DA1C1}.Release|Any CPU.ActiveCfg = Release|Any CPU
		{B060F741-C41A-4878-AA09-9C049B1DA1C1}.Release|Any CPU.Build.0 = Release|Any CPU
		{96D6D04D-FF70-44BB-8CA9-F07B3B8D1E7B}.Debug|Any CPU.ActiveCfg = Debug|Any CPU
		{96D6D04D-FF70-44BB-8CA9-F07B3B8D1E7B}.Debug|Any CPU.Build.0 = Debug|Any CPU
		{96D6D04D-FF70-44BB-8CA9-F07B3B8D1E7B}.Release|Any CPU.ActiveCfg = Release|Any CPU
		{96D6D04D-FF70-44BB-8CA9-F07B3B8D1E7B}.Release|Any CPU.Build.0 = Release|Any CPU
		{D07010D8-DDAB-4C96-ABEB-1D9E28364320}.Debug|Any CPU.ActiveCfg = Debug|Any CPU
		{D07010D8-DDAB-4C96-ABEB-1D9E28364320}.Debug|Any CPU.Build.0 = Debug|Any CPU
		{D07010D8-DDAB-4C96-ABEB-1D9E28364320}.Release|Any CPU.ActiveCfg = Release|Any CPU
		{D07010D8-DDAB-4C96-ABEB-1D9E28364320}.Release|Any CPU.Build.0 = Release|Any CPU
	EndGlobalSection
	GlobalSection(SolutionProperties) = preSolution
		HideSolutionNode = FALSE
	EndGlobalSection
	GlobalSection(ExtensibilityGlobals) = postSolution
		SolutionGuid = {73DAF2FE-5D3C-4B26-9841-329E50C19CD3}
	EndGlobalSection
EndGlobal
