
Microsoft Visual Studio Solution File, Format Version 12.00
# Visual Studio Version 16
VisualStudioVersion = 16.0.30907.101
MinimumVisualStudioVersion = 10.0.40219.1
Project("{9A19103F-16F7-4668-BE54-9A1E7A4F7556}") = "CountCharsInString", "CountCharsInString\CountCharsInString.csproj", "{FA8BF63B-15AD-4164-A575-94E3F8541E5B}"
EndProject
Project("{9A19103F-16F7-4668-BE54-9A1E7A4F7556}") = "AMinerTask", "AMinerTask\AMinerTask.csproj", "{283E2680-66D8-42D4-BF29-0358A2333C1A}"
EndProject
Project("{9A19103F-16F7-4668-BE54-9A1E7A4F7556}") = "LegendaryFarming", "LegendaryFarming\LegendaryFarming.csproj", "{600F1E44-DD0D-4833-8020-8C0C601CDE07}"
EndProject
Project("{9A19103F-16F7-4668-BE54-9A1E7A4F7556}") = "Orders", "Orders\Orders.csproj", "{7EAA232C-E5E7-4A4C-A958-61E51F5A6289}"
EndProject
Project("{9A19103F-16F7-4668-BE54-9A1E7A4F7556}") = "SoftUniParking", "SoftUniParking\SoftUniParking.csproj", "{9D190D1D-C496-4921-91EB-B4B592F8FE7D}"
EndProject
Project("{9A19103F-16F7-4668-BE54-9A1E7A4F7556}") = "Courses", "Courses\Courses.csproj", "{4D98D811-9903-4C14-8CF9-62259532F5FC}"
EndProject
Project("{9A19103F-16F7-4668-BE54-9A1E7A4F7556}") = "StudentAcademy", "StudentAcademy\StudentAcademy.csproj", "{41DF0628-DAC8-462A-BABA-0A9FB50EB0AD}"
EndProject
Project("{FAE04EC0-301F-11D3-BF4B-00C04F79EFBC}") = "CompanyUsers", "CompanyUsers\CompanyUsers.csproj", "{BF38226C-DA70-4C2B-AA36-89C87F9164EE}"
EndProject
Global
	GlobalSection(SolutionConfigurationPlatforms) = preSolution
		Debug|Any CPU = Debug|Any CPU
		Release|Any CPU = Release|Any CPU
	EndGlobalSection
	GlobalSection(ProjectConfigurationPlatforms) = postSolution
		{FA8BF63B-15AD-4164-A575-94E3F8541E5B}.Debug|Any CPU.ActiveCfg = Debug|Any CPU
		{FA8BF63B-15AD-4164-A575-94E3F8541E5B}.Debug|Any CPU.Build.0 = Debug|Any CPU
		{FA8BF63B-15AD-4164-A575-94E3F8541E5B}.Release|Any CPU.ActiveCfg = Release|Any CPU
		{FA8BF63B-15AD-4164-A575-94E3F8541E5B}.Release|Any CPU.Build.0 = Release|Any CPU
		{283E2680-66D8-42D4-BF29-0358A2333C1A}.Debug|Any CPU.ActiveCfg = Debug|Any CPU
		{283E2680-66D8-42D4-BF29-0358A2333C1A}.Debug|Any CPU.Build.0 = Debug|Any CPU
		{283E2680-66D8-42D4-BF29-0358A2333C1A}.Release|Any CPU.ActiveCfg = Release|Any CPU
		{283E2680-66D8-42D4-BF29-0358A2333C1A}.Release|Any CPU.Build.0 = Release|Any CPU
		{600F1E44-DD0D-4833-8020-8C0C601CDE07}.Debug|Any CPU.ActiveCfg = Debug|Any CPU
		{600F1E44-DD0D-4833-8020-8C0C601CDE07}.Debug|Any CPU.Build.0 = Debug|Any CPU
		{600F1E44-DD0D-4833-8020-8C0C601CDE07}.Release|Any CPU.ActiveCfg = Release|Any CPU
		{600F1E44-DD0D-4833-8020-8C0C601CDE07}.Release|Any CPU.Build.0 = Release|Any CPU
		{7EAA232C-E5E7-4A4C-A958-61E51F5A6289}.Debug|Any CPU.ActiveCfg = Debug|Any CPU
		{7EAA232C-E5E7-4A4C-A958-61E51F5A6289}.Debug|Any CPU.Build.0 = Debug|Any CPU
		{7EAA232C-E5E7-4A4C-A958-61E51F5A6289}.Release|Any CPU.ActiveCfg = Release|Any CPU
		{7EAA232C-E5E7-4A4C-A958-61E51F5A6289}.Release|Any CPU.Build.0 = Release|Any CPU
		{9D190D1D-C496-4921-91EB-B4B592F8FE7D}.Debug|Any CPU.ActiveCfg = Debug|Any CPU
		{9D190D1D-C496-4921-91EB-B4B592F8FE7D}.Debug|Any CPU.Build.0 = Debug|Any CPU
		{9D190D1D-C496-4921-91EB-B4B592F8FE7D}.Release|Any CPU.ActiveCfg = Release|Any CPU
		{9D190D1D-C496-4921-91EB-B4B592F8FE7D}.Release|Any CPU.Build.0 = Release|Any CPU
		{4D98D811-9903-4C14-8CF9-62259532F5FC}.Debug|Any CPU.ActiveCfg = Debug|Any CPU
		{4D98D811-9903-4C14-8CF9-62259532F5FC}.Debug|Any CPU.Build.0 = Debug|Any CPU
		{4D98D811-9903-4C14-8CF9-62259532F5FC}.Release|Any CPU.ActiveCfg = Release|Any CPU
		{4D98D811-9903-4C14-8CF9-62259532F5FC}.Release|Any CPU.Build.0 = Release|Any CPU
		{41DF0628-DAC8-462A-BABA-0A9FB50EB0AD}.Debug|Any CPU.ActiveCfg = Debug|Any CPU
		{41DF0628-DAC8-462A-BABA-0A9FB50EB0AD}.Debug|Any CPU.Build.0 = Debug|Any CPU
		{41DF0628-DAC8-462A-BABA-0A9FB50EB0AD}.Release|Any CPU.ActiveCfg = Release|Any CPU
		{41DF0628-DAC8-462A-BABA-0A9FB50EB0AD}.Release|Any CPU.Build.0 = Release|Any CPU
		{BF38226C-DA70-4C2B-AA36-89C87F9164EE}.Debug|Any CPU.ActiveCfg = Debug|Any CPU
		{BF38226C-DA70-4C2B-AA36-89C87F9164EE}.Debug|Any CPU.Build.0 = Debug|Any CPU
		{BF38226C-DA70-4C2B-AA36-89C87F9164EE}.Release|Any CPU.ActiveCfg = Release|Any CPU
		{BF38226C-DA70-4C2B-AA36-89C87F9164EE}.Release|Any CPU.Build.0 = Release|Any CPU
	EndGlobalSection
	GlobalSection(SolutionProperties) = preSolution
		HideSolutionNode = FALSE
	EndGlobalSection
	GlobalSection(ExtensibilityGlobals) = postSolution
		SolutionGuid = {450D0AE7-064D-44D0-9F06-B08C08465499}
	EndGlobalSection
EndGlobal
