
Microsoft Visual Studio Solution File, Format Version 12.00
# Visual Studio Version 16
VisualStudioVersion = 16.0.30907.101
MinimumVisualStudioVersion = 10.0.40219.1
Project("{FAE04EC0-301F-11D3-BF4B-00C04F79EFBC}") = "CountCharsInString", "CountCharsInString\CountCharsInString.csproj", "{FA8BF63B-15AD-4164-A575-94E3F8541E5B}"
EndProject
Project("{FAE04EC0-301F-11D3-BF4B-00C04F79EFBC}") = "AMinerTask", "AMinerTask\AMinerTask.csproj", "{283E2680-66D8-42D4-BF29-0358A2333C1A}"
EndProject
Global
	GlobalSection(SolutionConfigurationPlatforms) = preSolution
		Debug|Any CPU = Debug|Any CPU
		Release|Any CPU = Release|Any CPU
	EndGlobalSection
	GlobalSection(ProjectConfigurationPlatforms) = postSolution
		{FA8BF63B-15AD-4164-A575-94E3F8541E5B}.Debug|Any CPU.ActiveCfg = Debug|Any CPU
		{FA8BF63B-15AD-4164-A575-94E3F8541E5B}.Debug|Any CPU.Build.0 = Debug|Any CPU
		{FA8BF63B-15AD-4164-A575-94E3F8541E5B}.Release|Any CPU.ActiveCfg = Release|Any CPU
		{FA8BF63B-15AD-4164-A575-94E3F8541E5B}.Release|Any CPU.Build.0 = Release|Any CPU
		{283E2680-66D8-42D4-BF29-0358A2333C1A}.Debug|Any CPU.ActiveCfg = Debug|Any CPU
		{283E2680-66D8-42D4-BF29-0358A2333C1A}.Debug|Any CPU.Build.0 = Debug|Any CPU
		{283E2680-66D8-42D4-BF29-0358A2333C1A}.Release|Any CPU.ActiveCfg = Release|Any CPU
		{283E2680-66D8-42D4-BF29-0358A2333C1A}.Release|Any CPU.Build.0 = Release|Any CPU
	EndGlobalSection
	GlobalSection(SolutionProperties) = preSolution
		HideSolutionNode = FALSE
	EndGlobalSection
	GlobalSection(ExtensibilityGlobals) = postSolution
		SolutionGuid = {450D0AE7-064D-44D0-9F06-B08C08465499}
	EndGlobalSection
EndGlobal
